{
  "object": {
    "pins": [
      {
        "package": "Swim",
        "repositoryURL": "https://github.com/t-ae/swim.git",
        "state": {
          "branch": null,
          "revision": "eb02e321e0c65237bb29dbd5991905069f69e3d5",
          "version": "3.3.2"
        }
      },
      {
        "package": "TensorBoardX",
        "repositoryURL": "https://github.com/t-ae/tensorboardx-s4tf.git",
        "state": {
          "branch": null,
          "revision": "2e65acf5ecf23f8d24c4f1d53a3f59286ae488c8",
          "version": "0.0.4"
        }
      }
    ]
  },
  "version": 1
}
